// !$*UTF8*$!
{
	archiveVersion = 1;
	classes = {
	};
	objectVersion = 46;
	objects = {

/* Begin PBXBuildFile section */
		41D450B619FAFBED00F18159 /* Foundation.framework in Frameworks */ = {isa = PBXBuildFile; fileRef = 41D450B519FAFBED00F18159 /* Foundation.framework */; };
		41D450B819FAFBED00F18159 /* CoreGraphics.framework in Frameworks */ = {isa = PBXBuildFile; fileRef = 41D450B719FAFBED00F18159 /* CoreGraphics.framework */; };
		41D450BA19FAFBED00F18159 /* UIKit.framework in Frameworks */ = {isa = PBXBuildFile; fileRef = 41D450B919FAFBED00F18159 /* UIKit.framework */; };
		41D450BC19FAFBED00F18159 /* CoreData.framework in Frameworks */ = {isa = PBXBuildFile; fileRef = 41D450BB19FAFBED00F18159 /* CoreData.framework */; };
		41D450C219FAFBED00F18159 /* InfoPlist.strings in Resources */ = {isa = PBXBuildFile; fileRef = 41D450C019FAFBED00F18159 /* InfoPlist.strings */; };
		41D450C419FAFBED00F18159 /* main.m in Sources */ = {isa = PBXBuildFile; fileRef = 41D450C319FAFBED00F18159 /* main.m */; };
		41D450C819FAFBED00F18159 /* AppDelegate.m in Sources */ = {isa = PBXBuildFile; fileRef = 41D450C719FAFBED00F18159 /* AppDelegate.m */; };
		41D450CB19FAFBED00F18159 /* SaveEat.xcdatamodeld in Sources */ = {isa = PBXBuildFile; fileRef = 41D450C919FAFBED00F18159 /* SaveEat.xcdatamodeld */; };
		41D450CD19FAFBEE00F18159 /* Images.xcassets in Resources */ = {isa = PBXBuildFile; fileRef = 41D450CC19FAFBEE00F18159 /* Images.xcassets */; };
		41D450D419FAFBEE00F18159 /* XCTest.framework in Frameworks */ = {isa = PBXBuildFile; fileRef = 41D450D319FAFBEE00F18159 /* XCTest.framework */; };
		41D450D519FAFBEE00F18159 /* Foundation.framework in Frameworks */ = {isa = PBXBuildFile; fileRef = 41D450B519FAFBED00F18159 /* Foundation.framework */; };
		41D450D619FAFBEE00F18159 /* UIKit.framework in Frameworks */ = {isa = PBXBuildFile; fileRef = 41D450B919FAFBED00F18159 /* UIKit.framework */; };
		41D450D719FAFBEE00F18159 /* CoreData.framework in Frameworks */ = {isa = PBXBuildFile; fileRef = 41D450BB19FAFBED00F18159 /* CoreData.framework */; };
		41D450DF19FAFBEE00F18159 /* InfoPlist.strings in Resources */ = {isa = PBXBuildFile; fileRef = 41D450DD19FAFBEE00F18159 /* InfoPlist.strings */; };
		41D450E119FAFBEE00F18159 /* SaveEatTests.m in Sources */ = {isa = PBXBuildFile; fileRef = 41D450E019FAFBEE00F18159 /* SaveEatTests.m */; };
		41D450F019FB003800F18159 /* HomeViewController.m in Sources */ = {isa = PBXBuildFile; fileRef = 41D450EE19FB003800F18159 /* HomeViewController.m */; };
		41D450F119FB003800F18159 /* HomeViewController.xib in Resources */ = {isa = PBXBuildFile; fileRef = 41D450EF19FB003800F18159 /* HomeViewController.xib */; };
		41D450F619FB0CB600F18159 /* CoreLocation.framework in Frameworks */ = {isa = PBXBuildFile; fileRef = 41D450F519FB0CB600F18159 /* CoreLocation.framework */; };
		42C871681A09A31600EC04E5 /* DetailResultsVC.m in Sources */ = {isa = PBXBuildFile; fileRef = 42C871661A09A31600EC04E5 /* DetailResultsVC.m */; };
		42C871691A09A31600EC04E5 /* DetailResultsVC.xib in Resources */ = {isa = PBXBuildFile; fileRef = 42C871671A09A31600EC04E5 /* DetailResultsVC.xib */; };
		4678C5CE1A37E0250096D68A /* MapAnnotation.m in Sources */ = {isa = PBXBuildFile; fileRef = 4678C5CD1A37E0250096D68A /* MapAnnotation.m */; };
		702FAC4F1A37A1720019FD00 /* icon.png in Resources */ = {isa = PBXBuildFile; fileRef = 702FAC4E1A37A1720019FD00 /* icon.png */; };
		708C99CB1A32CE210099EA6D /* Restaurant.jpg in Resources */ = {isa = PBXBuildFile; fileRef = 708C99CA1A32CE210099EA6D /* Restaurant.jpg */; };
		70FB7A9A1A3670F200E08F71 /* 1.jpg in Resources */ = {isa = PBXBuildFile; fileRef = 70FB7A8C1A3670F200E08F71 /* 1.jpg */; };
		70FB7A9B1A3670F200E08F71 /* 2.jpg in Resources */ = {isa = PBXBuildFile; fileRef = 70FB7A8D1A3670F200E08F71 /* 2.jpg */; };
		70FB7A9C1A3670F200E08F71 /* 3.jpg in Resources */ = {isa = PBXBuildFile; fileRef = 70FB7A8E1A3670F200E08F71 /* 3.jpg */; };
		70FB7A9D1A3670F200E08F71 /* 5.jpg in Resources */ = {isa = PBXBuildFile; fileRef = 70FB7A8F1A3670F200E08F71 /* 5.jpg */; };
		70FB7A9E1A3670F200E08F71 /* 6.jpg in Resources */ = {isa = PBXBuildFile; fileRef = 70FB7A901A3670F200E08F71 /* 6.jpg */; };
		70FB7A9F1A3670F200E08F71 /* 7.jpg in Resources */ = {isa = PBXBuildFile; fileRef = 70FB7A911A3670F200E08F71 /* 7.jpg */; };
		70FB7AA01A3670F200E08F71 /* 8.jpg in Resources */ = {isa = PBXBuildFile; fileRef = 70FB7A921A3670F200E08F71 /* 8.jpg */; };
		70FB7AA11A3670F200E08F71 /* 9.jpg in Resources */ = {isa = PBXBuildFile; fileRef = 70FB7A931A3670F200E08F71 /* 9.jpg */; };
		70FB7AA21A3670F200E08F71 /* 10.jpg in Resources */ = {isa = PBXBuildFile; fileRef = 70FB7A941A3670F200E08F71 /* 10.jpg */; };
		70FB7AA31A3670F200E08F71 /* 11.jpg in Resources */ = {isa = PBXBuildFile; fileRef = 70FB7A951A3670F200E08F71 /* 11.jpg */; };
		70FB7AA41A3670F200E08F71 /* 12.jpg in Resources */ = {isa = PBXBuildFile; fileRef = 70FB7A961A3670F200E08F71 /* 12.jpg */; };
		70FB7AA51A3670F200E08F71 /* 14.jpg in Resources */ = {isa = PBXBuildFile; fileRef = 70FB7A971A3670F200E08F71 /* 14.jpg */; };
		70FB7AA61A3670F200E08F71 /* 15.jpg in Resources */ = {isa = PBXBuildFile; fileRef = 70FB7A981A3670F200E08F71 /* 15.jpg */; };
		70FB7AA71A3670F200E08F71 /* 16.jpg in Resources */ = {isa = PBXBuildFile; fileRef = 70FB7A991A3670F200E08F71 /* 16.jpg */; };
		717699431A3CBD8100D68424 /* PreferencesViewController.m in Sources */ = {isa = PBXBuildFile; fileRef = 717699411A3CBD8100D68424 /* PreferencesViewController.m */; };
		717699441A3CBD8100D68424 /* PreferencesViewController.xib in Resources */ = {isa = PBXBuildFile; fileRef = 717699421A3CBD8100D68424 /* PreferencesViewController.xib */; };
		717699461A3CC50300D68424 /* gear-512.png in Resources */ = {isa = PBXBuildFile; fileRef = 717699451A3CC50300D68424 /* gear-512.png */; };
		71769ADC1A3CC8F100D68424 /* gear-7.png in Resources */ = {isa = PBXBuildFile; fileRef = 71769ADB1A3CC8F100D68424 /* gear-7.png */; };
		F636945C1A1D32A50043DA6E /* CustomCell.m in Sources */ = {isa = PBXBuildFile; fileRef = F636945B1A1D32A50043DA6E /* CustomCell.m */; };
		F636945E1A1D33840043DA6E /* CustomCell.xib in Resources */ = {isa = PBXBuildFile; fileRef = F636945D1A1D33840043DA6E /* CustomCell.xib */; };
		F63694CC1A1D51D10043DA6E /* Restaurant.m in Sources */ = {isa = PBXBuildFile; fileRef = F63694CB1A1D51D10043DA6E /* Restaurant.m */; };
		F63694D51A1D567E0043DA6E /* SearchResultVC.m in Sources */ = {isa = PBXBuildFile; fileRef = F63694D31A1D567E0043DA6E /* SearchResultVC.m */; };
		F63694D61A1D567E0043DA6E /* SearchResultVC.xib in Resources */ = {isa = PBXBuildFile; fileRef = F63694D41A1D567E0043DA6E /* SearchResultVC.xib */; };
		F6F2AD851A26238B006E6337 /* MapKit.framework in Frameworks */ = {isa = PBXBuildFile; fileRef = F6F2AD841A26238B006E6337 /* MapKit.framework */; };
/* End PBXBuildFile section */

/* Begin PBXContainerItemProxy section */
		41D450D819FAFBEE00F18159 /* PBXContainerItemProxy */ = {
			isa = PBXContainerItemProxy;
			containerPortal = 41D450AA19FAFBED00F18159 /* Project object */;
			proxyType = 1;
			remoteGlobalIDString = 41D450B119FAFBED00F18159;
			remoteInfo = SaveEat;
		};
/* End PBXContainerItemProxy section */

/* Begin PBXFileReference section */
		41D450B219FAFBED00F18159 /* SaveEat.app */ = {isa = PBXFileReference; explicitFileType = wrapper.application; includeInIndex = 0; path = SaveEat.app; sourceTree = BUILT_PRODUCTS_DIR; };
		41D450B519FAFBED00F18159 /* Foundation.framework */ = {isa = PBXFileReference; lastKnownFileType = wrapper.framework; name = Foundation.framework; path = System/Library/Frameworks/Foundation.framework; sourceTree = SDKROOT; };
		41D450B719FAFBED00F18159 /* CoreGraphics.framework */ = {isa = PBXFileReference; lastKnownFileType = wrapper.framework; name = CoreGraphics.framework; path = System/Library/Frameworks/CoreGraphics.framework; sourceTree = SDKROOT; };
		41D450B919FAFBED00F18159 /* UIKit.framework */ = {isa = PBXFileReference; lastKnownFileType = wrapper.framework; name = UIKit.framework; path = System/Library/Frameworks/UIKit.framework; sourceTree = SDKROOT; };
		41D450BB19FAFBED00F18159 /* CoreData.framework */ = {isa = PBXFileReference; lastKnownFileType = wrapper.framework; name = CoreData.framework; path = System/Library/Frameworks/CoreData.framework; sourceTree = SDKROOT; };
		41D450BF19FAFBED00F18159 /* SaveEat-Info.plist */ = {isa = PBXFileReference; lastKnownFileType = text.plist.xml; path = "SaveEat-Info.plist"; sourceTree = "<group>"; };
		41D450C119FAFBED00F18159 /* en */ = {isa = PBXFileReference; lastKnownFileType = text.plist.strings; name = en; path = en.lproj/InfoPlist.strings; sourceTree = "<group>"; };
		41D450C319FAFBED00F18159 /* main.m */ = {isa = PBXFileReference; lastKnownFileType = sourcecode.c.objc; path = main.m; sourceTree = "<group>"; };
		41D450C519FAFBED00F18159 /* SaveEat-Prefix.pch */ = {isa = PBXFileReference; lastKnownFileType = sourcecode.c.h; path = "SaveEat-Prefix.pch"; sourceTree = "<group>"; };
		41D450C619FAFBED00F18159 /* AppDelegate.h */ = {isa = PBXFileReference; lastKnownFileType = sourcecode.c.h; path = AppDelegate.h; sourceTree = "<group>"; };
		41D450C719FAFBED00F18159 /* AppDelegate.m */ = {isa = PBXFileReference; lastKnownFileType = sourcecode.c.objc; path = AppDelegate.m; sourceTree = "<group>"; };
		41D450CA19FAFBED00F18159 /* SaveEat.xcdatamodel */ = {isa = PBXFileReference; lastKnownFileType = wrapper.xcdatamodel; path = SaveEat.xcdatamodel; sourceTree = "<group>"; };
		41D450CC19FAFBEE00F18159 /* Images.xcassets */ = {isa = PBXFileReference; lastKnownFileType = folder.assetcatalog; path = Images.xcassets; sourceTree = "<group>"; };
		41D450D219FAFBEE00F18159 /* SaveEatTests.xctest */ = {isa = PBXFileReference; explicitFileType = wrapper.cfbundle; includeInIndex = 0; path = SaveEatTests.xctest; sourceTree = BUILT_PRODUCTS_DIR; };
		41D450D319FAFBEE00F18159 /* XCTest.framework */ = {isa = PBXFileReference; lastKnownFileType = wrapper.framework; name = XCTest.framework; path = Library/Frameworks/XCTest.framework; sourceTree = DEVELOPER_DIR; };
		41D450DC19FAFBEE00F18159 /* SaveEatTests-Info.plist */ = {isa = PBXFileReference; lastKnownFileType = text.plist.xml; path = "SaveEatTests-Info.plist"; sourceTree = "<group>"; };
		41D450DE19FAFBEE00F18159 /* en */ = {isa = PBXFileReference; lastKnownFileType = text.plist.strings; name = en; path = en.lproj/InfoPlist.strings; sourceTree = "<group>"; };
		41D450E019FAFBEE00F18159 /* SaveEatTests.m */ = {isa = PBXFileReference; lastKnownFileType = sourcecode.c.objc; path = SaveEatTests.m; sourceTree = "<group>"; };
		41D450ED19FB003800F18159 /* HomeViewController.h */ = {isa = PBXFileReference; fileEncoding = 4; lastKnownFileType = sourcecode.c.h; name = HomeViewController.h; path = SaveEat/HomeViewController.h; sourceTree = "<group>"; };
		41D450EE19FB003800F18159 /* HomeViewController.m */ = {isa = PBXFileReference; fileEncoding = 4; lastKnownFileType = sourcecode.c.objc; name = HomeViewController.m; path = SaveEat/HomeViewController.m; sourceTree = "<group>"; };
		41D450EF19FB003800F18159 /* HomeViewController.xib */ = {isa = PBXFileReference; fileEncoding = 4; lastKnownFileType = file.xib; name = HomeViewController.xib; path = SaveEat/HomeViewController.xib; sourceTree = "<group>"; };
		41D450F519FB0CB600F18159 /* CoreLocation.framework */ = {isa = PBXFileReference; lastKnownFileType = wrapper.framework; name = CoreLocation.framework; path = System/Library/Frameworks/CoreLocation.framework; sourceTree = SDKROOT; };
		42C871651A09A31600EC04E5 /* DetailResultsVC.h */ = {isa = PBXFileReference; fileEncoding = 4; lastKnownFileType = sourcecode.c.h; path = DetailResultsVC.h; sourceTree = "<group>"; };
		42C871661A09A31600EC04E5 /* DetailResultsVC.m */ = {isa = PBXFileReference; fileEncoding = 4; lastKnownFileType = sourcecode.c.objc; path = DetailResultsVC.m; sourceTree = "<group>"; };
		42C871671A09A31600EC04E5 /* DetailResultsVC.xib */ = {isa = PBXFileReference; fileEncoding = 4; lastKnownFileType = file.xib; path = DetailResultsVC.xib; sourceTree = "<group>"; };
		4678C5CC1A37E0250096D68A /* MapAnnotation.h */ = {isa = PBXFileReference; fileEncoding = 4; lastKnownFileType = sourcecode.c.h; path = MapAnnotation.h; sourceTree = "<group>"; };
		4678C5CD1A37E0250096D68A /* MapAnnotation.m */ = {isa = PBXFileReference; fileEncoding = 4; lastKnownFileType = sourcecode.c.objc; path = MapAnnotation.m; sourceTree = "<group>"; };
		702FAC4E1A37A1720019FD00 /* icon.png */ = {isa = PBXFileReference; lastKnownFileType = image.png; path = icon.png; sourceTree = "<group>"; };
		708C99CA1A32CE210099EA6D /* Restaurant.jpg */ = {isa = PBXFileReference; lastKnownFileType = image.jpeg; path = Restaurant.jpg; sourceTree = "<group>"; };
		70FB7A8C1A3670F200E08F71 /* 1.jpg */ = {isa = PBXFileReference; lastKnownFileType = image.jpeg; path = 1.jpg; sourceTree = "<group>"; };
		70FB7A8D1A3670F200E08F71 /* 2.jpg */ = {isa = PBXFileReference; lastKnownFileType = image.jpeg; path = 2.jpg; sourceTree = "<group>"; };
		70FB7A8E1A3670F200E08F71 /* 3.jpg */ = {isa = PBXFileReference; lastKnownFileType = image.jpeg; path = 3.jpg; sourceTree = "<group>"; };
		70FB7A8F1A3670F200E08F71 /* 5.jpg */ = {isa = PBXFileReference; lastKnownFileType = image.jpeg; path = 5.jpg; sourceTree = "<group>"; };
		70FB7A901A3670F200E08F71 /* 6.jpg */ = {isa = PBXFileReference; lastKnownFileType = image.jpeg; path = 6.jpg; sourceTree = "<group>"; };
		70FB7A911A3670F200E08F71 /* 7.jpg */ = {isa = PBXFileReference; lastKnownFileType = image.jpeg; path = 7.jpg; sourceTree = "<group>"; };
		70FB7A921A3670F200E08F71 /* 8.jpg */ = {isa = PBXFileReference; lastKnownFileType = image.jpeg; path = 8.jpg; sourceTree = "<group>"; };
		70FB7A931A3670F200E08F71 /* 9.jpg */ = {isa = PBXFileReference; lastKnownFileType = image.jpeg; path = 9.jpg; sourceTree = "<group>"; };
		70FB7A941A3670F200E08F71 /* 10.jpg */ = {isa = PBXFileReference; lastKnownFileType = image.jpeg; path = 10.jpg; sourceTree = "<group>"; };
		70FB7A951A3670F200E08F71 /* 11.jpg */ = {isa = PBXFileReference; lastKnownFileType = image.jpeg; path = 11.jpg; sourceTree = "<group>"; };
		70FB7A961A3670F200E08F71 /* 12.jpg */ = {isa = PBXFileReference; lastKnownFileType = image.jpeg; path = 12.jpg; sourceTree = "<group>"; };
		70FB7A971A3670F200E08F71 /* 14.jpg */ = {isa = PBXFileReference; lastKnownFileType = image.jpeg; path = 14.jpg; sourceTree = "<group>"; };
		70FB7A981A3670F200E08F71 /* 15.jpg */ = {isa = PBXFileReference; lastKnownFileType = image.jpeg; path = 15.jpg; sourceTree = "<group>"; };
		70FB7A991A3670F200E08F71 /* 16.jpg */ = {isa = PBXFileReference; lastKnownFileType = image.jpeg; path = 16.jpg; sourceTree = "<group>"; };
		717699401A3CBD8100D68424 /* PreferencesViewController.h */ = {isa = PBXFileReference; fileEncoding = 4; lastKnownFileType = sourcecode.c.h; path = PreferencesViewController.h; sourceTree = "<group>"; };
		717699411A3CBD8100D68424 /* PreferencesViewController.m */ = {isa = PBXFileReference; fileEncoding = 4; lastKnownFileType = sourcecode.c.objc; path = PreferencesViewController.m; sourceTree = "<group>"; };
		717699421A3CBD8100D68424 /* PreferencesViewController.xib */ = {isa = PBXFileReference; fileEncoding = 4; lastKnownFileType = file.xib; path = PreferencesViewController.xib; sourceTree = "<group>"; };
		717699451A3CC50300D68424 /* gear-512.png */ = {isa = PBXFileReference; lastKnownFileType = image.png; name = "gear-512.png"; path = "../gear-512.png"; sourceTree = "<group>"; };
		71769ADB1A3CC8F100D68424 /* gear-7.png */ = {isa = PBXFileReference; lastKnownFileType = image.png; name = "gear-7.png"; path = "../gear-7.png"; sourceTree = "<group>"; };
		F636945A1A1D32A50043DA6E /* CustomCell.h */ = {isa = PBXFileReference; fileEncoding = 4; lastKnownFileType = sourcecode.c.h; path = CustomCell.h; sourceTree = "<group>"; };
		F636945B1A1D32A50043DA6E /* CustomCell.m */ = {isa = PBXFileReference; fileEncoding = 4; lastKnownFileType = sourcecode.c.objc; path = CustomCell.m; sourceTree = "<group>"; };
		F636945D1A1D33840043DA6E /* CustomCell.xib */ = {isa = PBXFileReference; fileEncoding = 4; lastKnownFileType = file.xib; path = CustomCell.xib; sourceTree = "<group>"; };
		F63694CA1A1D51D10043DA6E /* Restaurant.h */ = {isa = PBXFileReference; fileEncoding = 4; lastKnownFileType = sourcecode.c.h; path = Restaurant.h; sourceTree = "<group>"; };
		F63694CB1A1D51D10043DA6E /* Restaurant.m */ = {isa = PBXFileReference; fileEncoding = 4; lastKnownFileType = sourcecode.c.objc; path = Restaurant.m; sourceTree = "<group>"; };
		F63694D21A1D567E0043DA6E /* SearchResultVC.h */ = {isa = PBXFileReference; fileEncoding = 4; lastKnownFileType = sourcecode.c.h; path = SearchResultVC.h; sourceTree = "<group>"; };
		F63694D31A1D567E0043DA6E /* SearchResultVC.m */ = {isa = PBXFileReference; fileEncoding = 4; lastKnownFileType = sourcecode.c.objc; path = SearchResultVC.m; sourceTree = "<group>"; };
		F63694D41A1D567E0043DA6E /* SearchResultVC.xib */ = {isa = PBXFileReference; fileEncoding = 4; lastKnownFileType = file.xib; path = SearchResultVC.xib; sourceTree = "<group>"; };
		F6F2AD841A26238B006E6337 /* MapKit.framework */ = {isa = PBXFileReference; lastKnownFileType = wrapper.framework; name = MapKit.framework; path = System/Library/Frameworks/MapKit.framework; sourceTree = SDKROOT; };
/* End PBXFileReference section */

/* Begin PBXFrameworksBuildPhase section */
		41D450AF19FAFBED00F18159 /* Frameworks */ = {
			isa = PBXFrameworksBuildPhase;
			buildActionMask = 2147483647;
			files = (
				F6F2AD851A26238B006E6337 /* MapKit.framework in Frameworks */,
				41D450F619FB0CB600F18159 /* CoreLocation.framework in Frameworks */,
				41D450B819FAFBED00F18159 /* CoreGraphics.framework in Frameworks */,
				41D450BC19FAFBED00F18159 /* CoreData.framework in Frameworks */,
				41D450BA19FAFBED00F18159 /* UIKit.framework in Frameworks */,
				41D450B619FAFBED00F18159 /* Foundation.framework in Frameworks */,
			);
			runOnlyForDeploymentPostprocessing = 0;
		};
		41D450CF19FAFBEE00F18159 /* Frameworks */ = {
			isa = PBXFrameworksBuildPhase;
			buildActionMask = 2147483647;
			files = (
				41D450D419FAFBEE00F18159 /* XCTest.framework in Frameworks */,
				41D450D719FAFBEE00F18159 /* CoreData.framework in Frameworks */,
				41D450D619FAFBEE00F18159 /* UIKit.framework in Frameworks */,
				41D450D519FAFBEE00F18159 /* Foundation.framework in Frameworks */,
			);
			runOnlyForDeploymentPostprocessing = 0;
		};
/* End PBXFrameworksBuildPhase section */

/* Begin PBXGroup section */
		41D450A919FAFBED00F18159 = {
			isa = PBXGroup;
			children = (
				41D450F219FB0B6C00F18159 /* Images */,
				41D450EC19FAFEFB00F18159 /* Model */,
				41D450EB19FAFEEB00F18159 /* ViewController */,
				41D450EA19FAFEDF00F18159 /* View */,
				41D450BD19FAFBED00F18159 /* SaveEat */,
				41D450DA19FAFBEE00F18159 /* SaveEatTests */,
				41D450B419FAFBED00F18159 /* Frameworks */,
				41D450B319FAFBED00F18159 /* Products */,
			);
			sourceTree = "<group>";
		};
		41D450B319FAFBED00F18159 /* Products */ = {
			isa = PBXGroup;
			children = (
				41D450B219FAFBED00F18159 /* SaveEat.app */,
				41D450D219FAFBEE00F18159 /* SaveEatTests.xctest */,
			);
			name = Products;
			sourceTree = "<group>";
		};
		41D450B419FAFBED00F18159 /* Frameworks */ = {
			isa = PBXGroup;
			children = (
				F6F2AD841A26238B006E6337 /* MapKit.framework */,
				41D450F519FB0CB600F18159 /* CoreLocation.framework */,
				41D450B519FAFBED00F18159 /* Foundation.framework */,
				41D450B719FAFBED00F18159 /* CoreGraphics.framework */,
				41D450B919FAFBED00F18159 /* UIKit.framework */,
				41D450BB19FAFBED00F18159 /* CoreData.framework */,
				41D450D319FAFBEE00F18159 /* XCTest.framework */,
			);
			name = Frameworks;
			sourceTree = "<group>";
		};
		41D450BD19FAFBED00F18159 /* SaveEat */ = {
			isa = PBXGroup;
			children = (
				41D450C619FAFBED00F18159 /* AppDelegate.h */,
				41D450C719FAFBED00F18159 /* AppDelegate.m */,
				41D450CC19FAFBEE00F18159 /* Images.xcassets */,
				41D450C919FAFBED00F18159 /* SaveEat.xcdatamodeld */,
				41D450BE19FAFBED00F18159 /* Supporting Files */,
			);
			path = SaveEat;
			sourceTree = "<group>";
		};
		41D450BE19FAFBED00F18159 /* Supporting Files */ = {
			isa = PBXGroup;
			children = (
				41D450BF19FAFBED00F18159 /* SaveEat-Info.plist */,
				41D450C019FAFBED00F18159 /* InfoPlist.strings */,
				41D450C319FAFBED00F18159 /* main.m */,
				41D450C519FAFBED00F18159 /* SaveEat-Prefix.pch */,
			);
			name = "Supporting Files";
			sourceTree = "<group>";
		};
		41D450DA19FAFBEE00F18159 /* SaveEatTests */ = {
			isa = PBXGroup;
			children = (
				41D450E019FAFBEE00F18159 /* SaveEatTests.m */,
				41D450DB19FAFBEE00F18159 /* Supporting Files */,
			);
			path = SaveEatTests;
			sourceTree = "<group>";
		};
		41D450DB19FAFBEE00F18159 /* Supporting Files */ = {
			isa = PBXGroup;
			children = (
				41D450DC19FAFBEE00F18159 /* SaveEatTests-Info.plist */,
				41D450DD19FAFBEE00F18159 /* InfoPlist.strings */,
			);
			name = "Supporting Files";
			sourceTree = "<group>";
		};
		41D450EA19FAFEDF00F18159 /* View */ = {
			isa = PBXGroup;
			children = (
				717699421A3CBD8100D68424 /* PreferencesViewController.xib */,
				F63694D41A1D567E0043DA6E /* SearchResultVC.xib */,
				F636945D1A1D33840043DA6E /* CustomCell.xib */,
				42C871671A09A31600EC04E5 /* DetailResultsVC.xib */,
				41D450EF19FB003800F18159 /* HomeViewController.xib */,
			);
			name = View;
			sourceTree = "<group>";
		};
		41D450EB19FAFEEB00F18159 /* ViewController */ = {
			isa = PBXGroup;
			children = (
				717699401A3CBD8100D68424 /* PreferencesViewController.h */,
				717699411A3CBD8100D68424 /* PreferencesViewController.m */,
				41D450ED19FB003800F18159 /* HomeViewController.h */,
				41D450EE19FB003800F18159 /* HomeViewController.m */,
				42C871651A09A31600EC04E5 /* DetailResultsVC.h */,
				42C871661A09A31600EC04E5 /* DetailResultsVC.m */,
				F636945A1A1D32A50043DA6E /* CustomCell.h */,
				F636945B1A1D32A50043DA6E /* CustomCell.m */,
				F63694CA1A1D51D10043DA6E /* Restaurant.h */,
				F63694CB1A1D51D10043DA6E /* Restaurant.m */,
				F63694D21A1D567E0043DA6E /* SearchResultVC.h */,
				F63694D31A1D567E0043DA6E /* SearchResultVC.m */,
			);
			name = ViewController;
			sourceTree = "<group>";
		};
		41D450EC19FAFEFB00F18159 /* Model */ = {
			isa = PBXGroup;
			children = (
				4678C5CC1A37E0250096D68A /* MapAnnotation.h */,
				4678C5CD1A37E0250096D68A /* MapAnnotation.m */,
			);
			name = Model;
			sourceTree = "<group>";
		};
		41D450F219FB0B6C00F18159 /* Images */ = {
			isa = PBXGroup;
			children = (
				71769ADB1A3CC8F100D68424 /* gear-7.png */,
				717699451A3CC50300D68424 /* gear-512.png */,
				702FAC4E1A37A1720019FD00 /* icon.png */,
				70FB7A8C1A3670F200E08F71 /* 1.jpg */,
				70FB7A8D1A3670F200E08F71 /* 2.jpg */,
				70FB7A8E1A3670F200E08F71 /* 3.jpg */,
				70FB7A8F1A3670F200E08F71 /* 5.jpg */,
				70FB7A901A3670F200E08F71 /* 6.jpg */,
				70FB7A911A3670F200E08F71 /* 7.jpg */,
				70FB7A921A3670F200E08F71 /* 8.jpg */,
				70FB7A931A3670F200E08F71 /* 9.jpg */,
				70FB7A941A3670F200E08F71 /* 10.jpg */,
				70FB7A951A3670F200E08F71 /* 11.jpg */,
				70FB7A961A3670F200E08F71 /* 12.jpg */,
				70FB7A971A3670F200E08F71 /* 14.jpg */,
				70FB7A981A3670F200E08F71 /* 15.jpg */,
				70FB7A991A3670F200E08F71 /* 16.jpg */,
				708C99CA1A32CE210099EA6D /* Restaurant.jpg */,
			);
			name = Images;
			sourceTree = "<group>";
		};
/* End PBXGroup section */

/* Begin PBXNativeTarget section */
		41D450B119FAFBED00F18159 /* SaveEat */ = {
			isa = PBXNativeTarget;
			buildConfigurationList = 41D450E419FAFBEE00F18159 /* Build configuration list for PBXNativeTarget "SaveEat" */;
			buildPhases = (
				41D450AE19FAFBED00F18159 /* Sources */,
				41D450AF19FAFBED00F18159 /* Frameworks */,
				41D450B019FAFBED00F18159 /* Resources */,
			);
			buildRules = (
			);
			dependencies = (
			);
			name = SaveEat;
			productName = SaveEat;
			productReference = 41D450B219FAFBED00F18159 /* SaveEat.app */;
			productType = "com.apple.product-type.application";
		};
		41D450D119FAFBEE00F18159 /* SaveEatTests */ = {
			isa = PBXNativeTarget;
			buildConfigurationList = 41D450E719FAFBEE00F18159 /* Build configuration list for PBXNativeTarget "SaveEatTests" */;
			buildPhases = (
				41D450CE19FAFBEE00F18159 /* Sources */,
				41D450CF19FAFBEE00F18159 /* Frameworks */,
				41D450D019FAFBEE00F18159 /* Resources */,
			);
			buildRules = (
			);
			dependencies = (
				41D450D919FAFBEE00F18159 /* PBXTargetDependency */,
			);
			name = SaveEatTests;
			productName = SaveEatTests;
			productReference = 41D450D219FAFBEE00F18159 /* SaveEatTests.xctest */;
			productType = "com.apple.product-type.bundle.unit-test";
		};
/* End PBXNativeTarget section */

/* Begin PBXProject section */
		41D450AA19FAFBED00F18159 /* Project object */ = {
			isa = PBXProject;
			attributes = {
				LastUpgradeCheck = 0510;
				ORGANIZATIONNAME = "___FULLUSERNAME___";
				TargetAttributes = {
					41D450D119FAFBEE00F18159 = {
						TestTargetID = 41D450B119FAFBED00F18159;
					};
				};
			};
			buildConfigurationList = 41D450AD19FAFBED00F18159 /* Build configuration list for PBXProject "SaveEat" */;
			compatibilityVersion = "Xcode 3.2";
			developmentRegion = English;
			hasScannedForEncodings = 0;
			knownRegions = (
				en,
			);
			mainGroup = 41D450A919FAFBED00F18159;
			productRefGroup = 41D450B319FAFBED00F18159 /* Products */;
			projectDirPath = "";
			projectRoot = "";
			targets = (
				41D450B119FAFBED00F18159 /* SaveEat */,
				41D450D119FAFBEE00F18159 /* SaveEatTests */,
			);
		};
/* End PBXProject section */

/* Begin PBXResourcesBuildPhase section */
		41D450B019FAFBED00F18159 /* Resources */ = {
			isa = PBXResourcesBuildPhase;
			buildActionMask = 2147483647;
			files = (
				70FB7A9D1A3670F200E08F71 /* 5.jpg in Resources */,
				717699441A3CBD8100D68424 /* PreferencesViewController.xib in Resources */,
				F63694D61A1D567E0043DA6E /* SearchResultVC.xib in Resources */,
				70FB7AA41A3670F200E08F71 /* 12.jpg in Resources */,
				708C99CB1A32CE210099EA6D /* Restaurant.jpg in Resources */,
				70FB7AA71A3670F200E08F71 /* 16.jpg in Resources */,
				70FB7AA11A3670F200E08F71 /* 9.jpg in Resources */,
				702FAC4F1A37A1720019FD00 /* icon.png in Resources */,
				F636945E1A1D33840043DA6E /* CustomCell.xib in Resources */,
				70FB7A9B1A3670F200E08F71 /* 2.jpg in Resources */,
				70FB7AA21A3670F200E08F71 /* 10.jpg in Resources */,
				717699461A3CC50300D68424 /* gear-512.png in Resources */,
				41D450C219FAFBED00F18159 /* InfoPlist.strings in Resources */,
				71769ADC1A3CC8F100D68424 /* gear-7.png in Resources */,
				70FB7AA01A3670F200E08F71 /* 8.jpg in Resources */,
				70FB7A9E1A3670F200E08F71 /* 6.jpg in Resources */,
				70FB7A9C1A3670F200E08F71 /* 3.jpg in Resources */,
				41D450CD19FAFBEE00F18159 /* Images.xcassets in Resources */,
				70FB7A9A1A3670F200E08F71 /* 1.jpg in Resources */,
				70FB7A9F1A3670F200E08F71 /* 7.jpg in Resources */,
				70FB7AA61A3670F200E08F71 /* 15.jpg in Resources */,
				70FB7AA51A3670F200E08F71 /* 14.jpg in Resources */,
				42C871691A09A31600EC04E5 /* DetailResultsVC.xib in Resources */,
				41D450F119FB003800F18159 /* HomeViewController.xib in Resources */,
				70FB7AA31A3670F200E08F71 /* 11.jpg in Resources */,
			);
			runOnlyForDeploymentPostprocessing = 0;
		};
		41D450D019FAFBEE00F18159 /* Resources */ = {
			isa = PBXResourcesBuildPhase;
			buildActionMask = 2147483647;
			files = (
				41D450DF19FAFBEE00F18159 /* InfoPlist.strings in Resources */,
			);
			runOnlyForDeploymentPostprocessing = 0;
		};
/* End PBXResourcesBuildPhase section */

/* Begin PBXSourcesBuildPhase section */
		41D450AE19FAFBED00F18159 /* Sources */ = {
			isa = PBXSourcesBuildPhase;
			buildActionMask = 2147483647;
			files = (
				42C871681A09A31600EC04E5 /* DetailResultsVC.m in Sources */,
				41D450CB19FAFBED00F18159 /* SaveEat.xcdatamodeld in Sources */,
				4678C5CE1A37E0250096D68A /* MapAnnotation.m in Sources */,
				F636945C1A1D32A50043DA6E /* CustomCell.m in Sources */,
				41D450C819FAFBED00F18159 /* AppDelegate.m in Sources */,
				F63694D51A1D567E0043DA6E /* SearchResultVC.m in Sources */,
				F63694CC1A1D51D10043DA6E /* Restaurant.m in Sources */,
				717699431A3CBD8100D68424 /* PreferencesViewController.m in Sources */,
				41D450C419FAFBED00F18159 /* main.m in Sources */,
				41D450F019FB003800F18159 /* HomeViewController.m in Sources */,
			);
			runOnlyForDeploymentPostprocessing = 0;
		};
		41D450CE19FAFBEE00F18159 /* Sources */ = {
			isa = PBXSourcesBuildPhase;
			buildActionMask = 2147483647;
			files = (
				41D450E119FAFBEE00F18159 /* SaveEatTests.m in Sources */,
			);
			runOnlyForDeploymentPostprocessing = 0;
		};
/* End PBXSourcesBuildPhase section */

/* Begin PBXTargetDependency section */
		41D450D919FAFBEE00F18159 /* PBXTargetDependency */ = {
			isa = PBXTargetDependency;
			target = 41D450B119FAFBED00F18159 /* SaveEat */;
			targetProxy = 41D450D819FAFBEE00F18159 /* PBXContainerItemProxy */;
		};
/* End PBXTargetDependency section */

/* Begin PBXVariantGroup section */
		41D450C019FAFBED00F18159 /* InfoPlist.strings */ = {
			isa = PBXVariantGroup;
			children = (
				41D450C119FAFBED00F18159 /* en */,
			);
			name = InfoPlist.strings;
			sourceTree = "<group>";
		};
		41D450DD19FAFBEE00F18159 /* InfoPlist.strings */ = {
			isa = PBXVariantGroup;
			children = (
				41D450DE19FAFBEE00F18159 /* en */,
			);
			name = InfoPlist.strings;
			sourceTree = "<group>";
		};
/* End PBXVariantGroup section */

/* Begin XCBuildConfiguration section */
		41D450E219FAFBEE00F18159 /* Debug */ = {
			isa = XCBuildConfiguration;
			buildSettings = {
				ALWAYS_SEARCH_USER_PATHS = NO;
				CLANG_CXX_LANGUAGE_STANDARD = "gnu++0x";
				CLANG_CXX_LIBRARY = "libc++";
				CLANG_ENABLE_MODULES = YES;
				CLANG_ENABLE_OBJC_ARC = NO;
				CLANG_WARN_BOOL_CONVERSION = YES;
				CLANG_WARN_CONSTANT_CONVERSION = YES;
				CLANG_WARN_DIRECT_OBJC_ISA_USAGE = YES_ERROR;
				CLANG_WARN_EMPTY_BODY = YES;
				CLANG_WARN_ENUM_CONVERSION = YES;
				CLANG_WARN_INT_CONVERSION = YES;
				CLANG_WARN_OBJC_ROOT_CLASS = YES_ERROR;
				CLANG_WARN__DUPLICATE_METHOD_MATCH = YES;
				"CODE_SIGN_IDENTITY[sdk=iphoneos*]" = "iPhone Developer: Pradeep Buddharaju (RP9W4FW9VD)";
				COPY_PHASE_STRIP = NO;
				GCC_C_LANGUAGE_STANDARD = gnu99;
				GCC_DYNAMIC_NO_PIC = NO;
				GCC_OPTIMIZATION_LEVEL = 0;
				GCC_PREPROCESSOR_DEFINITIONS = (
					"DEBUG=1",
					"$(inherited)",
				);
				GCC_SYMBOLS_PRIVATE_EXTERN = NO;
				GCC_WARN_64_TO_32_BIT_CONVERSION = YES;
				GCC_WARN_ABOUT_RETURN_TYPE = YES_ERROR;
				GCC_WARN_UNDECLARED_SELECTOR = YES;
				GCC_WARN_UNINITIALIZED_AUTOS = YES_AGGRESSIVE;
				GCC_WARN_UNUSED_FUNCTION = YES;
				GCC_WARN_UNUSED_VARIABLE = YES;
				IPHONEOS_DEPLOYMENT_TARGET = 6.1;
				ONLY_ACTIVE_ARCH = YES;
				SDKROOT = iphoneos;
			};
			name = Debug;
		};
		41D450E319FAFBEE00F18159 /* Release */ = {
			isa = XCBuildConfiguration;
			buildSettings = {
				ALWAYS_SEARCH_USER_PATHS = NO;
				CLANG_CXX_LANGUAGE_STANDARD = "gnu++0x";
				CLANG_CXX_LIBRARY = "libc++";
				CLANG_ENABLE_MODULES = YES;
				CLANG_ENABLE_OBJC_ARC = NO;
				CLANG_WARN_BOOL_CONVERSION = YES;
				CLANG_WARN_CONSTANT_CONVERSION = YES;
				CLANG_WARN_DIRECT_OBJC_ISA_USAGE = YES_ERROR;
				CLANG_WARN_EMPTY_BODY = YES;
				CLANG_WARN_ENUM_CONVERSION = YES;
				CLANG_WARN_INT_CONVERSION = YES;
				CLANG_WARN_OBJC_ROOT_CLASS = YES_ERROR;
				CLANG_WARN__DUPLICATE_METHOD_MATCH = YES;
				"CODE_SIGN_IDENTITY[sdk=iphoneos*]" = "iPhone Developer: Pradeep Buddharaju (RP9W4FW9VD)";
				COPY_PHASE_STRIP = YES;
				ENABLE_NS_ASSERTIONS = NO;
				GCC_C_LANGUAGE_STANDARD = gnu99;
				GCC_WARN_64_TO_32_BIT_CONVERSION = YES;
				GCC_WARN_ABOUT_RETURN_TYPE = YES_ERROR;
				GCC_WARN_UNDECLARED_SELECTOR = YES;
				GCC_WARN_UNINITIALIZED_AUTOS = YES_AGGRESSIVE;
				GCC_WARN_UNUSED_FUNCTION = YES;
				GCC_WARN_UNUSED_VARIABLE = YES;
				IPHONEOS_DEPLOYMENT_TARGET = 6.1;
				SDKROOT = iphoneos;
				VALIDATE_PRODUCT = YES;
			};
			name = Release;
		};
		41D450E519FAFBEE00F18159 /* Debug */ = {
			isa = XCBuildConfiguration;
			buildSettings = {
				ASSETCATALOG_COMPILER_APPICON_NAME = AppIcon;
				ASSETCATALOG_COMPILER_LAUNCHIMAGE_NAME = LaunchImage;
				GCC_PRECOMPILE_PREFIX_HEADER = YES;
				GCC_PREFIX_HEADER = "SaveEat/SaveEat-Prefix.pch";
				INFOPLIST_FILE = "SaveEat/SaveEat-Info.plist";
				PRODUCT_NAME = "$(TARGET_NAME)";
				WRAPPER_EXTENSION = app;
			};
			name = Debug;
		};
		41D450E619FAFBEE00F18159 /* Release */ = {
			isa = XCBuildConfiguration;
			buildSettings = {
				ASSETCATALOG_COMPILER_APPICON_NAME = AppIcon;
				ASSETCATALOG_COMPILER_LAUNCHIMAGE_NAME = LaunchImage;
				GCC_PRECOMPILE_PREFIX_HEADER = YES;
				GCC_PREFIX_HEADER = "SaveEat/SaveEat-Prefix.pch";
				INFOPLIST_FILE = "SaveEat/SaveEat-Info.plist";
				PRODUCT_NAME = "$(TARGET_NAME)";
				WRAPPER_EXTENSION = app;
			};
			name = Release;
		};
		41D450E819FAFBEE00F18159 /* Debug */ = {
			isa = XCBuildConfiguration;
			buildSettings = {
				BUNDLE_LOADER = "$(BUILT_PRODUCTS_DIR)/SaveEat.app/SaveEat";
				FRAMEWORK_SEARCH_PATHS = (
					"$(SDKROOT)/Developer/Library/Frameworks",
					"$(inherited)",
					"$(DEVELOPER_FRAMEWORKS_DIR)",
				);
				GCC_PRECOMPILE_PREFIX_HEADER = YES;
				GCC_PREFIX_HEADER = "SaveEat/SaveEat-Prefix.pch";
				GCC_PREPROCESSOR_DEFINITIONS = (
					"DEBUG=1",
					"$(inherited)",
				);
				INFOPLIST_FILE = "SaveEatTests/SaveEatTests-Info.plist";
				PRODUCT_NAME = "$(TARGET_NAME)";
				TEST_HOST = "$(BUNDLE_LOADER)";
				WRAPPER_EXTENSION = xctest;
			};
			name = Debug;
		};
		41D450E919FAFBEE00F18159 /* Release */ = {
			isa = XCBuildConfiguration;
			buildSettings = {
				BUNDLE_LOADER = "$(BUILT_PRODUCTS_DIR)/SaveEat.app/SaveEat";
				FRAMEWORK_SEARCH_PATHS = (
					"$(SDKROOT)/Developer/Library/Frameworks",
					"$(inherited)",
					"$(DEVELOPER_FRAMEWORKS_DIR)",
				);
				GCC_PRECOMPILE_PREFIX_HEADER = YES;
				GCC_PREFIX_HEADER = "SaveEat/SaveEat-Prefix.pch";
				INFOPLIST_FILE = "SaveEatTests/SaveEatTests-Info.plist";
				PRODUCT_NAME = "$(TARGET_NAME)";
				TEST_HOST = "$(BUNDLE_LOADER)";
				WRAPPER_EXTENSION = xctest;
			};
			name = Release;
		};
/* End XCBuildConfiguration section */

/* Begin XCConfigurationList section */
		41D450AD19FAFBED00F18159 /* Build configuration list for PBXProject "SaveEat" */ = {
			isa = XCConfigurationList;
			buildConfigurations = (
				41D450E219FAFBEE00F18159 /* Debug */,
				41D450E319FAFBEE00F18159 /* Release */,
			);
			defaultConfigurationIsVisible = 0;
			defaultConfigurationName = Release;
		};
		41D450E419FAFBEE00F18159 /* Build configuration list for PBXNativeTarget "SaveEat" */ = {
			isa = XCConfigurationList;
			buildConfigurations = (
				41D450E519FAFBEE00F18159 /* Debug */,
				41D450E619FAFBEE00F18159 /* Release */,
			);
			defaultConfigurationIsVisible = 0;
			defaultConfigurationName = Release;
		};
		41D450E719FAFBEE00F18159 /* Build configuration list for PBXNativeTarget "SaveEatTests" */ = {
			isa = XCConfigurationList;
			buildConfigurations = (
				41D450E819FAFBEE00F18159 /* Debug */,
				41D450E919FAFBEE00F18159 /* Release */,
			);
			defaultConfigurationIsVisible = 0;
			defaultConfigurationName = Release;
		};
/* End XCConfigurationList section */

/* Begin XCVersionGroup section */
		41D450C919FAFBED00F18159 /* SaveEat.xcdatamodeld */ = {
			isa = XCVersionGroup;
			children = (
				41D450CA19FAFBED00F18159 /* SaveEat.xcdatamodel */,
			);
			currentVersion = 41D450CA19FAFBED00F18159 /* SaveEat.xcdatamodel */;
			path = SaveEat.xcdatamodeld;
			sourceTree = "<group>";
			versionGroupType = wrapper.xcdatamodel;
		};
/* End XCVersionGroup section */
	};
	rootObject = 41D450AA19FAFBED00F18159 /* Project object */;
}
